# This file is @generated by PDM.
# It is not intended for manual editing.

[metadata]
groups = ["default"]
strategy = ["inherit_metadata"]
lock_version = "4.5.0"
content_hash = "sha256:260a2fb4aac1a97e29c6de274225155671bef05ed08e9f126dd90930d6d74994"

[[metadata.targets]]
requires_python = "==3.13.*"

[[package]]
name = "colorama"
version = "0.4.6"
requires_python = "!=3.0.*,!=3.1.*,!=3.2.*,!=3.3.*,!=3.4.*,!=3.5.*,!=3.6.*,>=2.7"
summary = "Cross-platform colored terminal text."
groups = ["default"]
marker = "platform_system == \"Windows\""
files = [
    {file = "colorama-0.4.6-py2.py3-none-any.whl", hash = "sha256:4f1d9991f5acc0ca119f9d443620b77f9d6b33703e51011c16baf57afb285fc6"},
    {file = "colorama-0.4.6.tar.gz", hash = "sha256:08695f5cb7ed6e0531a20572697297273c47b8cae5a63ffc6d6ed5c201be6e44"},
]

[[package]]
name = "ruamel-yaml"
version = "0.18.10"
requires_python = ">=3.7"
summary = "ruamel.yaml is a YAML parser/emitter that supports roundtrip preservation of comments, seq/map flow style, and map key order"
groups = ["default"]
dependencies = [
    "ruamel-yaml-clib>=0.2.7; platform_python_implementation == \"CPython\" and python_version < \"3.13\"",
]
files = [
    {file = "ruamel.yaml-0.18.10-py3-none-any.whl", hash = "sha256:30f22513ab2301b3d2b577adc121c6471f28734d3d9728581245f1e76468b4f1"},
    {file = "ruamel.yaml-0.18.10.tar.gz", hash = "sha256:20c86ab29ac2153f80a428e1254a8adf686d3383df04490514ca3b79a362db58"},
]

[[package]]
name = "ruamel-yaml-string"
version = "0.1.1"
requires_python = ">=3"
summary = "add dump_to_string/dumps method that returns YAML document as string"
groups = ["default"]
dependencies = [
    "ruamel-yaml>=0.17.17",
]
files = [
    {file = "ruamel.yaml.string-0.1.1-py3-none-any.whl", hash = "sha256:eb146bcb42b116216638034a434e9cf3ae2a5d3933aa37183a9854b5f3ff42de"},
    {file = "ruamel.yaml.string-0.1.1.tar.gz", hash = "sha256:7a7aedcc055d45c004d38b756f58474ebefb106851f4ce56ce58415709784350"},
]

[[package]]
name = "tqdm"
version = "4.67.1"
requires_python = ">=3.7"
summary = "Fast, Extensible Progress Meter"
groups = ["default"]
dependencies = [
    "colorama; platform_system == \"Windows\"",
]
files = [
    {file = "tqdm-4.67.1-py3-none-any.whl", hash = "sha256:26445eca388f82e72884e0d580d5464cd801a3ea01e63e5601bdff9ba6a48de2"},
    {file = "tqdm-4.67.1.tar.gz", hash = "sha256:f8aef9c52c08c13a65f30ea34f4e5aac3fd1a34959879d7e59e63027286627f2"},
]
